
Microsoft Visual Studio Solution File, Format Version 12.00
# Visual Studio Version 17
VisualStudioVersion = 17.1.32407.343
MinimumVisualStudioVersion = 10.0.40219.1
Project("{FAE04EC0-301F-11D3-BF4B-00C04F79EFBC}") = "Homework1", "Homework1\Homework1.csproj", "{8FDF06F9-8AC4-4A81-9AC6-7E9B6B262F05}"
EndProject
Global
	GlobalSection(SolutionConfigurationPlatforms) = preSolution
		Debug|Any CPU = Debug|Any CPU
		Release|Any CPU = Release|Any CPU
	EndGlobalSection
	GlobalSection(ProjectConfigurationPlatforms) = postSolution
		{8FDF06F9-8AC4-4A81-9AC6-7E9B6B262F05}.Debug|Any CPU.ActiveCfg = Debug|Any CPU
		{8FDF06F9-8AC4-4A81-9AC6-7E9B6B262F05}.Debug|Any CPU.Build.0 = Debug|Any CPU
		{8FDF06F9-8AC4-4A81-9AC6-7E9B6B262F05}.Release|Any CPU.ActiveCfg = Release|Any CPU
		{8FDF06F9-8AC4-4A81-9AC6-7E9B6B262F05}.Release|Any CPU.Build.0 = Release|Any CPU
	EndGlobalSection
	GlobalSection(SolutionProperties) = preSolution
		HideSolutionNode = FALSE
	EndGlobalSection
	GlobalSection(ExtensibilityGlobals) = postSolution
		SolutionGuid = {62775696-7C76-4CA9-AE7D-E6D7946380E6}
	EndGlobalSection
EndGlobal
