
Microsoft Visual Studio Solution File, Format Version 12.00
# Visual Studio Version 17
VisualStudioVersion = 17.1.32407.343
MinimumVisualStudioVersion = 10.0.40219.1
Project("{FAE04EC0-301F-11D3-BF4B-00C04F79EFBC}") = "CoordinateSystem", "CoordinateSystem\CoordinateSystem.csproj", "{E41ED4A8-5C3F-46B3-A291-6E3072A558A3}"
EndProject
Global
	GlobalSection(SolutionConfigurationPlatforms) = preSolution
		Debug|Any CPU = Debug|Any CPU
		Release|Any CPU = Release|Any CPU
	EndGlobalSection
	GlobalSection(ProjectConfigurationPlatforms) = postSolution
		{E41ED4A8-5C3F-46B3-A291-6E3072A558A3}.Debug|Any CPU.ActiveCfg = Debug|Any CPU
		{E41ED4A8-5C3F-46B3-A291-6E3072A558A3}.Debug|Any CPU.Build.0 = Debug|Any CPU
		{E41ED4A8-5C3F-46B3-A291-6E3072A558A3}.Release|Any CPU.ActiveCfg = Release|Any CPU
		{E41ED4A8-5C3F-46B3-A291-6E3072A558A3}.Release|Any CPU.Build.0 = Release|Any CPU
	EndGlobalSection
	GlobalSection(SolutionProperties) = preSolution
		HideSolutionNode = FALSE
	EndGlobalSection
	GlobalSection(ExtensibilityGlobals) = postSolution
		SolutionGuid = {90F33787-AC46-43D1-833A-DE4BCFECF179}
	EndGlobalSection
EndGlobal
